// !$*UTF8*$!
{
	archiveVersion = 1;
	classes = {
	};
	objectVersion = 46;
	objects = {

/* Begin PBXBuildFile section */
		BB2E77121E2A69E9003CD6F3 /* RNWorkers.m in Sources */ = {isa = PBXBuildFile; fileRef = BB2E770F1E2A69E9003CD6F3 /* RNWorkers.m */; };
		BB2E77131E2A69E9003CD6F3 /* RNWorkersManager.m in Sources */ = {isa = PBXBuildFile; fileRef = BB2E77111E2A69E9003CD6F3 /* RNWorkersManager.m */; };
/* End PBXBuildFile section */

/* Begin PBXCopyFilesBuildPhase section */
		BB2E77001E2A695C003CD6F3 /* CopyFiles */ = {
			isa = PBXCopyFilesBuildPhase;
			buildActionMask = 2147483647;
			dstPath = "include/$(PRODUCT_NAME)";
			dstSubfolderSpec = 16;
			files = (
			);
			runOnlyForDeploymentPostprocessing = 0;
		};
/* End PBXCopyFilesBuildPhase section */

/* Begin PBXFileReference section */
		BB2E77021E2A695C003CD6F3 /* libRNWorkers.a */ = {isa = PBXFileReference; explicitFileType = archive.ar; includeInIndex = 0; path = libRNWorkers.a; sourceTree = BUILT_PRODUCTS_DIR; };
		BB2E770E1E2A69E9003CD6F3 /* RNWorkers.h */ = {isa = PBXFileReference; fileEncoding = 4; lastKnownFileType = sourcecode.c.h; path = RNWorkers.h; sourceTree = "<group>"; };
		BB2E770F1E2A69E9003CD6F3 /* RNWorkers.m */ = {isa = PBXFileReference; fileEncoding = 4; lastKnownFileType = sourcecode.c.objc; path = RNWorkers.m; sourceTree = "<group>"; };
		BB2E77101E2A69E9003CD6F3 /* RNWorkersManager.h */ = {isa = PBXFileReference; fileEncoding = 4; lastKnownFileType = sourcecode.c.h; path = RNWorkersManager.h; sourceTree = "<group>"; };
		BB2E77111E2A69E9003CD6F3 /* RNWorkersManager.m */ = {isa = PBXFileReference; fileEncoding = 4; lastKnownFileType = sourcecode.c.objc; path = RNWorkersManager.m; sourceTree = "<group>"; };
/* End PBXFileReference section */

/* Begin PBXFrameworksBuildPhase section */
		BB2E76FF1E2A695C003CD6F3 /* Frameworks */ = {
			isa = PBXFrameworksBuildPhase;
			buildActionMask = 2147483647;
			files = (
			);
			runOnlyForDeploymentPostprocessing = 0;
		};
/* End PBXFrameworksBuildPhase section */

/* Begin PBXGroup section */
		BB2E76F91E2A695C003CD6F3 = {
			isa = PBXGroup;
			children = (
				BB2E77041E2A695C003CD6F3 /* RNWorkers */,
				BB2E77031E2A695C003CD6F3 /* Products */,
			);
			sourceTree = "<group>";
		};
		BB2E77031E2A695C003CD6F3 /* Products */ = {
			isa = PBXGroup;
			children = (
				BB2E77021E2A695C003CD6F3 /* libRNWorkers.a */,
			);
			name = Products;
			sourceTree = "<group>";
		};
		BB2E77041E2A695C003CD6F3 /* RNWorkers */ = {
			isa = PBXGroup;
			children = (
				BB2E770E1E2A69E9003CD6F3 /* RNWorkers.h */,
				BB2E770F1E2A69E9003CD6F3 /* RNWorkers.m */,
				BB2E77101E2A69E9003CD6F3 /* RNWorkersManager.h */,
				BB2E77111E2A69E9003CD6F3 /* RNWorkersManager.m */,
			);
			path = RNWorkers;
			sourceTree = "<group>";
		};
/* End PBXGroup section */

/* Begin PBXNativeTarget section */
		BB2E77011E2A695C003CD6F3 /* RNWorkers */ = {
			isa = PBXNativeTarget;
			buildConfigurationList = BB2E770B1E2A695C003CD6F3 /* Build configuration list for PBXNativeTarget "RNWorkers" */;
			buildPhases = (
				BB2E76FE1E2A695C003CD6F3 /* Sources */,
				BB2E76FF1E2A695C003CD6F3 /* Frameworks */,
				BB2E77001E2A695C003CD6F3 /* CopyFiles */,
			);
			buildRules = (
			);
			dependencies = (
			);
			name = RNWorkers;
			productName = RNWorkers;
			productReference = BB2E77021E2A695C003CD6F3 /* libRNWorkers.a */;
			productType = "com.apple.product-type.library.static";
		};
/* End PBXNativeTarget section */

/* Begin PBXProject section */
		BB2E76FA1E2A695C003CD6F3 /* Project object */ = {
			isa = PBXProject;
			attributes = {
				LastUpgradeCheck = 0820;
				ORGANIZATIONNAME = Fabriciovergal;
				TargetAttributes = {
					BB2E77011E2A695C003CD6F3 = {
						CreatedOnToolsVersion = 8.2.1;
						DevelopmentTeam = K9E42X52H2;
						ProvisioningStyle = Automatic;
					};
				};
			};
			buildConfigurationList = BB2E76FD1E2A695C003CD6F3 /* Build configuration list for PBXProject "RNWorkers" */;
			compatibilityVersion = "Xcode 3.2";
			developmentRegion = English;
			hasScannedForEncodings = 0;
			knownRegions = (
				en,
			);
			mainGroup = BB2E76F91E2A695C003CD6F3;
			productRefGroup = BB2E77031E2A695C003CD6F3 /* Products */;
			projectDirPath = "";
			projectRoot = "";
			targets = (
				BB2E77011E2A695C003CD6F3 /* RNWorkers */,
			);
		};
/* End PBXProject section */

/* Begin PBXSourcesBuildPhase section */
		BB2E76FE1E2A695C003CD6F3 /* Sources */ = {
			isa = PBXSourcesBuildPhase;
			buildActionMask = 2147483647;
			files = (
				BB2E77121E2A69E9003CD6F3 /* RNWorkers.m in Sources */,
				BB2E77131E2A69E9003CD6F3 /* RNWorkersManager.m in Sources */,
			);
			runOnlyForDeploymentPostprocessing = 0;
		};
/* End PBXSourcesBuildPhase section */

/* Begin XCBuildConfiguration section */
		BB2E77091E2A695C003CD6F3 /* Debug */ = {
			isa = XCBuildConfiguration;
			buildSettings = {
				ALWAYS_SEARCH_USER_PATHS = NO;
				CLANG_ANALYZER_NONNULL = YES;
				CLANG_CXX_LANGUAGE_STANDARD = "gnu++0x";
				CLANG_CXX_LIBRARY = "libc++";
				CLANG_ENABLE_MODULES = YES;
				CLANG_ENABLE_OBJC_ARC = YES;
				CLANG_WARN_BOOL_CONVERSION = YES;
				CLANG_WARN_CONSTANT_CONVERSION = YES;
				CLANG_WARN_DIRECT_OBJC_ISA_USAGE = YES_ERROR;
				CLANG_WARN_DOCUMENTATION_COMMENTS = YES;
				CLANG_WARN_EMPTY_BODY = YES;
				CLANG_WARN_ENUM_CONVERSION = YES;
				CLANG_WARN_INFINITE_RECURSION = YES;
				CLANG_WARN_INT_CONVERSION = YES;
				CLANG_WARN_OBJC_ROOT_CLASS = YES_ERROR;
				CLANG_WARN_SUSPICIOUS_MOVE = YES;
				CLANG_WARN_UNREACHABLE_CODE = YES;
				CLANG_WARN__DUPLICATE_METHOD_MATCH = YES;
				"CODE_SIGN_IDENTITY[sdk=iphoneos*]" = "iPhone Developer";
				COPY_PHASE_STRIP = NO;
				DEBUG_INFORMATION_FORMAT = dwarf;
				ENABLE_STRICT_OBJC_MSGSEND = YES;
				ENABLE_TESTABILITY = YES;
				GCC_C_LANGUAGE_STANDARD = gnu99;
				GCC_DYNAMIC_NO_PIC = NO;
				GCC_NO_COMMON_BLOCKS = YES;
				GCC_OPTIMIZATION_LEVEL = 0;
				GCC_PREPROCESSOR_DEFINITIONS = (
					"DEBUG=1",
					"$(inherited)",
				);
				GCC_WARN_64_TO_32_BIT_CONVERSION = YES;
				GCC_WARN_ABOUT_RETURN_TYPE = YES_ERROR;
				GCC_WARN_UNDECLARED_SELECTOR = YES;
				GCC_WARN_UNINITIALIZED_AUTOS = YES_AGGRESSIVE;
				GCC_WARN_UNUSED_FUNCTION = YES;
				GCC_WARN_UNUSED_VARIABLE = YES;
				IPHONEOS_DEPLOYMENT_TARGET = 10.2;
				MTL_ENABLE_DEBUG_INFO = YES;
				ONLY_ACTIVE_ARCH = YES;
				SDKROOT = iphoneos;
			};
			name = Debug;
		};
		BB2E770A1E2A695C003CD6F3 /* Release */ = {
			isa = XCBuildConfiguration;
			buildSettings = {
				ALWAYS_SEARCH_USER_PATHS = NO;
				CLANG_ANALYZER_NONNULL = YES;
				CLANG_CXX_LANGUAGE_STANDARD = "gnu++0x";
				CLANG_CXX_LIBRARY = "libc++";
				CLANG_ENABLE_MODULES = YES;
				CLANG_ENABLE_OBJC_ARC = YES;
				CLANG_WARN_BOOL_CONVERSION = YES;
				CLANG_WARN_CONSTANT_CONVERSION = YES;
				CLANG_WARN_DIRECT_OBJC_ISA_USAGE = YES_ERROR;
				CLANG_WARN_DOCUMENTATION_COMMENTS = YES;
				CLANG_WARN_EMPTY_BODY = YES;
				CLANG_WARN_ENUM_CONVERSION = YES;
				CLANG_WARN_INFINITE_RECURSION = YES;
				CLANG_WARN_INT_CONVERSION = YES;
				CLANG_WARN_OBJC_ROOT_CLASS = YES_ERROR;
				CLANG_WARN_SUSPICIOUS_MOVE = YES;
				CLANG_WARN_UNREACHABLE_CODE = YES;
				CLANG_WARN__DUPLICATE_METHOD_MATCH = YES;
				"CODE_SIGN_IDENTITY[sdk=iphoneos*]" = "iPhone Developer";
				COPY_PHASE_STRIP = NO;
				DEBUG_INFORMATION_FORMAT = "dwarf-with-dsym";
				ENABLE_NS_ASSERTIONS = NO;
				ENABLE_STRICT_OBJC_MSGSEND = YES;
				GCC_C_LANGUAGE_STANDARD = gnu99;
				GCC_NO_COMMON_BLOCKS = YES;
				GCC_WARN_64_TO_32_BIT_CONVERSION = YES;
				GCC_WARN_ABOUT_RETURN_TYPE = YES_ERROR;
				GCC_WARN_UNDECLARED_SELECTOR = YES;
				GCC_WARN_UNINITIALIZED_AUTOS = YES_AGGRESSIVE;
				GCC_WARN_UNUSED_FUNCTION = YES;
				GCC_WARN_UNUSED_VARIABLE = YES;
				IPHONEOS_DEPLOYMENT_TARGET = 10.2;
				MTL_ENABLE_DEBUG_INFO = NO;
				SDKROOT = iphoneos;
				VALIDATE_PRODUCT = YES;
			};
			name = Release;
		};
		BB2E770C1E2A695C003CD6F3 /* Debug */ = {
			isa = XCBuildConfiguration;
			buildSettings = {
				DEVELOPMENT_TEAM = K9E42X52H2;
				HEADER_SEARCH_PATHS = "$(SRCROOT)/../../react-native/React/**";
				OTHER_LDFLAGS = "-ObjC";
				PRODUCT_NAME = "$(TARGET_NAME)";
				SKIP_INSTALL = YES;
			};
			name = Debug;
		};
		BB2E770D1E2A695C003CD6F3 /* Release */ = {
			isa = XCBuildConfiguration;
			buildSettings = {
				DEVELOPMENT_TEAM = K9E42X52H2;
				HEADER_SEARCH_PATHS = "$(SRCROOT)/../../react-native/React/**";
				OTHER_LDFLAGS = "-ObjC";
				PRODUCT_NAME = "$(TARGET_NAME)";
				SKIP_INSTALL = YES;
			};
			name = Release;
		};
/* End XCBuildConfiguration section */

/* Begin XCConfigurationList section */
		BB2E76FD1E2A695C003CD6F3 /* Build configuration list for PBXProject "RNWorkers" */ = {
			isa = XCConfigurationList;
			buildConfigurations = (
				BB2E77091E2A695C003CD6F3 /* Debug */,
				BB2E770A1E2A695C003CD6F3 /* Release */,
			);
			defaultConfigurationIsVisible = 0;
			defaultConfigurationName = Release;
		};
		BB2E770B1E2A695C003CD6F3 /* Build configuration list for PBXNativeTarget "RNWorkers" */ = {
			isa = XCConfigurationList;
			buildConfigurations = (
				BB2E770C1E2A695C003CD6F3 /* Debug */,
				BB2E770D1E2A695C003CD6F3 /* Release */,
			);
			defaultConfigurationIsVisible = 0;
			defaultConfigurationName = Release;
		};
/* End XCConfigurationList section */
	};
	rootObject = BB2E76FA1E2A695C003CD6F3 /* Project object */;
}
